// !$*UTF8*$!
{
	archiveVersion = 1;
	classes = {
	};
	objectVersion = 46;
	objects = {

/* Begin PBXBuildFile section */
		2BFE8A4A1FB277E600EDA589 /* WNCutDecomposer.swift in Sources */ = {isa = PBXBuildFile; fileRef = 2BFE8A491FB277E600EDA589 /* WNCutDecomposer.swift */; };
		2BFE8A4E1FB2785100EDA589 /* RSCU_LoopUnroller.swift in Sources */ = {isa = PBXBuildFile; fileRef = 2BFE8A4D1FB2785100EDA589 /* RSCU_LoopUnroller.swift */; };
		2BFE8A501FB2786600EDA589 /* SpectralForceDirected.swift in Sources */ = {isa = PBXBuildFile; fileRef = 2BFE8A4F1FB2786600EDA589 /* SpectralForceDirected.swift */; };
		3F0928B71F519318000997B2 /* graphViewController.swift in Sources */ = {isa = PBXBuildFile; fileRef = 3F0928B61F519318000997B2 /* graphViewController.swift */; };
		3F0928B91F51A876000997B2 /* Node.swift in Sources */ = {isa = PBXBuildFile; fileRef = 3F0928B81F51A876000997B2 /* Node.swift */; };
		3F226A601F75C3BE004733A8 /* nodeEdgesAttributeViewController.swift in Sources */ = {isa = PBXBuildFile; fileRef = 3F226A5F1F75C3BE004733A8 /* nodeEdgesAttributeViewController.swift */; };
		3F226A621F75C5C2004733A8 /* groupGlobalAttributeViewController.swift in Sources */ = {isa = PBXBuildFile; fileRef = 3F226A611F75C5C2004733A8 /* groupGlobalAttributeViewController.swift */; };
		3F226A641F75C620004733A8 /* groupSinthesisAttributeViewController.swift in Sources */ = {isa = PBXBuildFile; fileRef = 3F226A631F75C620004733A8 /* groupSinthesisAttributeViewController.swift */; };
		3F226A681F75CA17004733A8 /* groupAttributeViewController.swift in Sources */ = {isa = PBXBuildFile; fileRef = 3F226A671F75CA17004733A8 /* groupAttributeViewController.swift */; };
		3F2924821F45A11600F3130E /* AppDelegate.swift in Sources */ = {isa = PBXBuildFile; fileRef = 3F2924811F45A11600F3130E /* AppDelegate.swift */; };
		3F2924841F45A11600F3130E /* ViewController.swift in Sources */ = {isa = PBXBuildFile; fileRef = 3F2924831F45A11600F3130E /* ViewController.swift */; };
		3F2924861F45A11600F3130E /* Document.swift in Sources */ = {isa = PBXBuildFile; fileRef = 3F2924851F45A11600F3130E /* Document.swift */; };
		3F2924881F45A11600F3130E /* Assets.xcassets in Resources */ = {isa = PBXBuildFile; fileRef = 3F2924871F45A11600F3130E /* Assets.xcassets */; };
		3F29248B1F45A11600F3130E /* Main.storyboard in Resources */ = {isa = PBXBuildFile; fileRef = 3F2924891F45A11600F3130E /* Main.storyboard */; };
		3F2924961F45A11600F3130E /* Pro_SynthTests.swift in Sources */ = {isa = PBXBuildFile; fileRef = 3F2924951F45A11600F3130E /* Pro_SynthTests.swift */; };
		3F2924A11F45A11600F3130E /* Pro_SynthUITests.swift in Sources */ = {isa = PBXBuildFile; fileRef = 3F2924A01F45A11600F3130E /* Pro_SynthUITests.swift */; };
		3F2924B01F45A24E00F3130E /* welcomeScreen.storyboard in Resources */ = {isa = PBXBuildFile; fileRef = 3F2924AF1F45A24E00F3130E /* welcomeScreen.storyboard */; };
		3F2924B21F45A31500F3130E /* welcomeScreenWindowController.swift in Sources */ = {isa = PBXBuildFile; fileRef = 3F2924B11F45A31500F3130E /* welcomeScreenWindowController.swift */; };
		3F2924B41F45A47E00F3130E /* welcomeScreenViewController.swift in Sources */ = {isa = PBXBuildFile; fileRef = 3F2924B31F45A47E00F3130E /* welcomeScreenViewController.swift */; };
		3F2924B61F45B21E00F3130E /* Kép1.png in Resources */ = {isa = PBXBuildFile; fileRef = 3F2924B51F45B21E00F3130E /* Kép1.png */; };
		3F2924BD1F45B3E300F3130E /* welcomeCollectionViewItem.swift in Sources */ = {isa = PBXBuildFile; fileRef = 3F2924BB1F45B3E300F3130E /* welcomeCollectionViewItem.swift */; };
		3F2924BE1F45B3E300F3130E /* welcomeCollectionViewItem.xib in Resources */ = {isa = PBXBuildFile; fileRef = 3F2924BC1F45B3E300F3130E /* welcomeCollectionViewItem.xib */; };
		3F4D62DD1F6D2EF200621182 /* attributeViewController.swift in Sources */ = {isa = PBXBuildFile; fileRef = 3F4D62DC1F6D2EF200621182 /* attributeViewController.swift */; };
		3F5FFF771F6DCB2C00D5AF06 /* noSelectionViewController.swift in Sources */ = {isa = PBXBuildFile; fileRef = 3F5FFF761F6DCB2C00D5AF06 /* noSelectionViewController.swift */; };
		3F5FFF791F6DD0B000D5AF06 /* nodeAttributeViewController.swift in Sources */ = {isa = PBXBuildFile; fileRef = 3F5FFF781F6DD0B000D5AF06 /* nodeAttributeViewController.swift */; };
		3F5FFF7B1F6E8FDF00D5AF06 /* nodeGlobalAttributeViewController.swift in Sources */ = {isa = PBXBuildFile; fileRef = 3F5FFF7A1F6E8FDF00D5AF06 /* nodeGlobalAttributeViewController.swift */; };
		3F890A811F51F79900BBDBFD /* Edge.swift in Sources */ = {isa = PBXBuildFile; fileRef = 3F890A801F51F79900BBDBFD /* Edge.swift */; };
		3F890A831F51F80000BBDBFD /* Group.swift in Sources */ = {isa = PBXBuildFile; fileRef = 3F890A821F51F80000BBDBFD /* Group.swift */; };
		3F89FE111F74627300F7B623 /* GlobalVariables.swift in Sources */ = {isa = PBXBuildFile; fileRef = 3F89FE101F74627300F7B623 /* GlobalVariables.swift */; };
		3F921CE81F5A11C2004FD276 /* newGroup.swift in Sources */ = {isa = PBXBuildFile; fileRef = 3F921CE71F5A11C2004FD276 /* newGroup.swift */; };
		3F9CB19F1F549F8D00451649 /* GraphElement.swift in Sources */ = {isa = PBXBuildFile; fileRef = 3F9CB19E1F549F8D00451649 /* GraphElement.swift */; };
		3FAFA6FD1F82D40E005F57FB /* WindowController.swift in Sources */ = {isa = PBXBuildFile; fileRef = 3FAFA6FC1F82D40E005F57FB /* WindowController.swift */; };
		3FB5BC7E1F817253006A2A72 /* SplitViewController.swift in Sources */ = {isa = PBXBuildFile; fileRef = 3FB5BC7D1F817253006A2A72 /* SplitViewController.swift */; };
		3FB5BC821F817959006A2A72 /* nodeSinthesisAttributeViewController.swift in Sources */ = {isa = PBXBuildFile; fileRef = 3FB5BC811F817959006A2A72 /* nodeSinthesisAttributeViewController.swift */; };
		3FEFCF561F767CD1001FA2A9 /* edgeAttributeViewController.swift in Sources */ = {isa = PBXBuildFile; fileRef = 3FEFCF551F767CD1001FA2A9 /* edgeAttributeViewController.swift */; };
		3FEFCF581F7686FE001FA2A9 /* edgeGlobalAttributeViewController.swift in Sources */ = {isa = PBXBuildFile; fileRef = 3FEFCF571F7686FE001FA2A9 /* edgeGlobalAttributeViewController.swift */; };
		3FEFCF5A1F768730001FA2A9 /* edgeSinthesisViewController.swift in Sources */ = {isa = PBXBuildFile; fileRef = 3FEFCF591F768730001FA2A9 /* edgeSinthesisViewController.swift */; };
		7B1B75591F8F88E8004973F2 /* WNCut.swift in Sources */ = {isa = PBXBuildFile; fileRef = 7B1B75581F8F88E8004973F2 /* WNCut.swift */; };
		7B47046D1FB605C600F40F9D /* CNode.swift in Sources */ = {isa = PBXBuildFile; fileRef = 7B47046C1FB605C600F40F9D /* CNode.swift */; };
		7B671D0D1F5E96B300EED265 /* newConnectionManual.swift in Sources */ = {isa = PBXBuildFile; fileRef = 7B671D0C1F5E96B300EED265 /* newConnectionManual.swift */; };
		7BDB22581F581BF200D785DD /* newNode.swift in Sources */ = {isa = PBXBuildFile; fileRef = 7BDB22571F581BF200D785DD /* newNode.swift */; };
/* End PBXBuildFile section */

/* Begin PBXContainerItemProxy section */
		3F2924921F45A11600F3130E /* PBXContainerItemProxy */ = {
			isa = PBXContainerItemProxy;
			containerPortal = 3F2924761F45A11600F3130E /* Project object */;
			proxyType = 1;
			remoteGlobalIDString = 3F29247D1F45A11600F3130E;
			remoteInfo = "Pro Synth";
		};
		3F29249D1F45A11600F3130E /* PBXContainerItemProxy */ = {
			isa = PBXContainerItemProxy;
			containerPortal = 3F2924761F45A11600F3130E /* Project object */;
			proxyType = 1;
			remoteGlobalIDString = 3F29247D1F45A11600F3130E;
			remoteInfo = "Pro Synth";
		};
/* End PBXContainerItemProxy section */

/* Begin PBXFileReference section */
		2BFE8A491FB277E600EDA589 /* WNCutDecomposer.swift */ = {isa = PBXFileReference; lastKnownFileType = sourcecode.swift; path = WNCutDecomposer.swift; sourceTree = "<group>"; };
		2BFE8A4D1FB2785100EDA589 /* RSCU_LoopUnroller.swift */ = {isa = PBXFileReference; lastKnownFileType = sourcecode.swift; path = RSCU_LoopUnroller.swift; sourceTree = "<group>"; };
		2BFE8A4F1FB2786600EDA589 /* SpectralForceDirected.swift */ = {isa = PBXFileReference; lastKnownFileType = sourcecode.swift; path = SpectralForceDirected.swift; sourceTree = "<group>"; };
		3F0928B61F519318000997B2 /* graphViewController.swift */ = {isa = PBXFileReference; fileEncoding = 4; lastKnownFileType = sourcecode.swift; path = graphViewController.swift; sourceTree = "<group>"; };
		3F0928B81F51A876000997B2 /* Node.swift */ = {isa = PBXFileReference; fileEncoding = 4; lastKnownFileType = sourcecode.swift; path = Node.swift; sourceTree = "<group>"; };
		3F226A5F1F75C3BE004733A8 /* nodeEdgesAttributeViewController.swift */ = {isa = PBXFileReference; lastKnownFileType = sourcecode.swift; path = nodeEdgesAttributeViewController.swift; sourceTree = "<group>"; };
		3F226A611F75C5C2004733A8 /* groupGlobalAttributeViewController.swift */ = {isa = PBXFileReference; lastKnownFileType = sourcecode.swift; path = groupGlobalAttributeViewController.swift; sourceTree = "<group>"; };
		3F226A631F75C620004733A8 /* groupSinthesisAttributeViewController.swift */ = {isa = PBXFileReference; lastKnownFileType = sourcecode.swift; path = groupSinthesisAttributeViewController.swift; sourceTree = "<group>"; };
		3F226A671F75CA17004733A8 /* groupAttributeViewController.swift */ = {isa = PBXFileReference; lastKnownFileType = sourcecode.swift; path = groupAttributeViewController.swift; sourceTree = "<group>"; };
		3F29247E1F45A11600F3130E /* Pro Synth.app */ = {isa = PBXFileReference; explicitFileType = wrapper.application; includeInIndex = 0; path = "Pro Synth.app"; sourceTree = BUILT_PRODUCTS_DIR; };
		3F2924811F45A11600F3130E /* AppDelegate.swift */ = {isa = PBXFileReference; lastKnownFileType = sourcecode.swift; path = AppDelegate.swift; sourceTree = "<group>"; };
		3F2924831F45A11600F3130E /* ViewController.swift */ = {isa = PBXFileReference; lastKnownFileType = sourcecode.swift; path = ViewController.swift; sourceTree = "<group>"; };
		3F2924851F45A11600F3130E /* Document.swift */ = {isa = PBXFileReference; lastKnownFileType = sourcecode.swift; path = Document.swift; sourceTree = "<group>"; };
		3F2924871F45A11600F3130E /* Assets.xcassets */ = {isa = PBXFileReference; lastKnownFileType = folder.assetcatalog; path = Assets.xcassets; sourceTree = "<group>"; };
		3F29248A1F45A11600F3130E /* Base */ = {isa = PBXFileReference; lastKnownFileType = file.storyboard; name = Base; path = Base.lproj/Main.storyboard; sourceTree = "<group>"; };
		3F29248C1F45A11600F3130E /* Info.plist */ = {isa = PBXFileReference; lastKnownFileType = text.plist.xml; path = Info.plist; sourceTree = "<group>"; };
		3F2924911F45A11600F3130E /* Pro SynthTests.xctest */ = {isa = PBXFileReference; explicitFileType = wrapper.cfbundle; includeInIndex = 0; path = "Pro SynthTests.xctest"; sourceTree = BUILT_PRODUCTS_DIR; };
		3F2924951F45A11600F3130E /* Pro_SynthTests.swift */ = {isa = PBXFileReference; lastKnownFileType = sourcecode.swift; path = Pro_SynthTests.swift; sourceTree = "<group>"; };
		3F2924971F45A11600F3130E /* Info.plist */ = {isa = PBXFileReference; lastKnownFileType = text.plist.xml; path = Info.plist; sourceTree = "<group>"; };
		3F29249C1F45A11600F3130E /* Pro SynthUITests.xctest */ = {isa = PBXFileReference; explicitFileType = wrapper.cfbundle; includeInIndex = 0; path = "Pro SynthUITests.xctest"; sourceTree = BUILT_PRODUCTS_DIR; };
		3F2924A01F45A11600F3130E /* Pro_SynthUITests.swift */ = {isa = PBXFileReference; lastKnownFileType = sourcecode.swift; path = Pro_SynthUITests.swift; sourceTree = "<group>"; };
		3F2924A21F45A11600F3130E /* Info.plist */ = {isa = PBXFileReference; lastKnownFileType = text.plist.xml; path = Info.plist; sourceTree = "<group>"; };
		3F2924AF1F45A24E00F3130E /* welcomeScreen.storyboard */ = {isa = PBXFileReference; fileEncoding = 4; lastKnownFileType = file.storyboard; path = welcomeScreen.storyboard; sourceTree = "<group>"; };
		3F2924B11F45A31500F3130E /* welcomeScreenWindowController.swift */ = {isa = PBXFileReference; fileEncoding = 4; lastKnownFileType = sourcecode.swift; path = welcomeScreenWindowController.swift; sourceTree = "<group>"; };
		3F2924B31F45A47E00F3130E /* welcomeScreenViewController.swift */ = {isa = PBXFileReference; fileEncoding = 4; lastKnownFileType = sourcecode.swift; path = welcomeScreenViewController.swift; sourceTree = "<group>"; };
		3F2924B51F45B21E00F3130E /* Kép1.png */ = {isa = PBXFileReference; lastKnownFileType = image.png; path = "Kép1.png"; sourceTree = "<group>"; };
		3F2924BB1F45B3E300F3130E /* welcomeCollectionViewItem.swift */ = {isa = PBXFileReference; fileEncoding = 4; lastKnownFileType = sourcecode.swift; path = welcomeCollectionViewItem.swift; sourceTree = "<group>"; };
		3F2924BC1F45B3E300F3130E /* welcomeCollectionViewItem.xib */ = {isa = PBXFileReference; fileEncoding = 4; lastKnownFileType = file.xib; path = welcomeCollectionViewItem.xib; sourceTree = "<group>"; };
		3F4D62DC1F6D2EF200621182 /* attributeViewController.swift */ = {isa = PBXFileReference; fileEncoding = 4; lastKnownFileType = sourcecode.swift; path = attributeViewController.swift; sourceTree = "<group>"; };
		3F5FFF761F6DCB2C00D5AF06 /* noSelectionViewController.swift */ = {isa = PBXFileReference; lastKnownFileType = sourcecode.swift; path = noSelectionViewController.swift; sourceTree = "<group>"; };
		3F5FFF781F6DD0B000D5AF06 /* nodeAttributeViewController.swift */ = {isa = PBXFileReference; lastKnownFileType = sourcecode.swift; path = nodeAttributeViewController.swift; sourceTree = "<group>"; };
		3F5FFF7A1F6E8FDF00D5AF06 /* nodeGlobalAttributeViewController.swift */ = {isa = PBXFileReference; lastKnownFileType = sourcecode.swift; path = nodeGlobalAttributeViewController.swift; sourceTree = "<group>"; };
		3F890A801F51F79900BBDBFD /* Edge.swift */ = {isa = PBXFileReference; fileEncoding = 4; lastKnownFileType = sourcecode.swift; path = Edge.swift; sourceTree = "<group>"; };
		3F890A821F51F80000BBDBFD /* Group.swift */ = {isa = PBXFileReference; fileEncoding = 4; lastKnownFileType = sourcecode.swift; path = Group.swift; sourceTree = "<group>"; };
		3F89FE101F74627300F7B623 /* GlobalVariables.swift */ = {isa = PBXFileReference; lastKnownFileType = sourcecode.swift; path = GlobalVariables.swift; sourceTree = "<group>"; };
		3F921CE71F5A11C2004FD276 /* newGroup.swift */ = {isa = PBXFileReference; fileEncoding = 4; lastKnownFileType = sourcecode.swift; path = newGroup.swift; sourceTree = "<group>"; };
		3F9CB19E1F549F8D00451649 /* GraphElement.swift */ = {isa = PBXFileReference; fileEncoding = 4; lastKnownFileType = sourcecode.swift; path = GraphElement.swift; sourceTree = "<group>"; };
		3FAFA6FC1F82D40E005F57FB /* WindowController.swift */ = {isa = PBXFileReference; lastKnownFileType = sourcecode.swift; path = WindowController.swift; sourceTree = "<group>"; };
		3FB5BC7D1F817253006A2A72 /* SplitViewController.swift */ = {isa = PBXFileReference; lastKnownFileType = sourcecode.swift; path = SplitViewController.swift; sourceTree = "<group>"; };
		3FB5BC811F817959006A2A72 /* nodeSinthesisAttributeViewController.swift */ = {isa = PBXFileReference; lastKnownFileType = sourcecode.swift; path = nodeSinthesisAttributeViewController.swift; sourceTree = "<group>"; };
		3FEFCF551F767CD1001FA2A9 /* edgeAttributeViewController.swift */ = {isa = PBXFileReference; lastKnownFileType = sourcecode.swift; path = edgeAttributeViewController.swift; sourceTree = "<group>"; };
		3FEFCF571F7686FE001FA2A9 /* edgeGlobalAttributeViewController.swift */ = {isa = PBXFileReference; lastKnownFileType = sourcecode.swift; path = edgeGlobalAttributeViewController.swift; sourceTree = "<group>"; };
		3FEFCF591F768730001FA2A9 /* edgeSinthesisViewController.swift */ = {isa = PBXFileReference; lastKnownFileType = sourcecode.swift; path = edgeSinthesisViewController.swift; sourceTree = "<group>"; };
		7B1B75581F8F88E8004973F2 /* WNCut.swift */ = {isa = PBXFileReference; lastKnownFileType = sourcecode.swift; path = WNCut.swift; sourceTree = "<group>"; };
		7B47046C1FB605C600F40F9D /* CNode.swift */ = {isa = PBXFileReference; lastKnownFileType = sourcecode.swift; path = CNode.swift; sourceTree = "<group>"; };
		7B671D0C1F5E96B300EED265 /* newConnectionManual.swift */ = {isa = PBXFileReference; fileEncoding = 4; lastKnownFileType = sourcecode.swift; path = newConnectionManual.swift; sourceTree = "<group>"; };
		7BDB22571F581BF200D785DD /* newNode.swift */ = {isa = PBXFileReference; fileEncoding = 4; lastKnownFileType = sourcecode.swift; path = newNode.swift; sourceTree = "<group>"; };
/* End PBXFileReference section */

/* Begin PBXFrameworksBuildPhase section */
		3F29247B1F45A11600F3130E /* Frameworks */ = {
			isa = PBXFrameworksBuildPhase;
			buildActionMask = 2147483647;
			files = (
			);
			runOnlyForDeploymentPostprocessing = 0;
		};
		3F29248E1F45A11600F3130E /* Frameworks */ = {
			isa = PBXFrameworksBuildPhase;
			buildActionMask = 2147483647;
			files = (
			);
			runOnlyForDeploymentPostprocessing = 0;
		};
		3F2924991F45A11600F3130E /* Frameworks */ = {
			isa = PBXFrameworksBuildPhase;
			buildActionMask = 2147483647;
			files = (
			);
			runOnlyForDeploymentPostprocessing = 0;
		};
/* End PBXFrameworksBuildPhase section */

/* Begin PBXGroup section */
		2BFE8A481FB2766D00EDA589 /* WNCutDecomposer */ = {
			isa = PBXGroup;
			children = (
				2BFE8A491FB277E600EDA589 /* WNCutDecomposer.swift */,
			);
			name = WNCutDecomposer;
			sourceTree = "<group>";
		};
		2BFE8A4B1FB277F600EDA589 /* RSCU_LoopUnroller */ = {
			isa = PBXGroup;
			children = (
				2BFE8A4D1FB2785100EDA589 /* RSCU_LoopUnroller.swift */,
			);
			name = RSCU_LoopUnroller;
			sourceTree = "<group>";
		};
		2BFE8A4C1FB2780B00EDA589 /* SpectralForceDirectedScheduler */ = {
			isa = PBXGroup;
			children = (
				2BFE8A4F1FB2786600EDA589 /* SpectralForceDirected.swift */,
				7B47046C1FB605C600F40F9D /* CNode.swift */,
			);
			name = SpectralForceDirectedScheduler;
			sourceTree = "<group>";
		};
		3F0928B51F5192C7000997B2 /* ViewControllers */ = {
			isa = PBXGroup;
			children = (
				3F226A661F75C826004733A8 /* Graph */,
				3F226A651F75C80A004733A8 /* Attribute */,
				3F2924831F45A11600F3130E /* ViewController.swift */,
				3FB5BC7D1F817253006A2A72 /* SplitViewController.swift */,
			);
			name = ViewControllers;
			sourceTree = "<group>";
		};
		3F226A651F75C80A004733A8 /* Attribute */ = {
			isa = PBXGroup;
			children = (
				3F5FFF761F6DCB2C00D5AF06 /* noSelectionViewController.swift */,
				3F4D62DC1F6D2EF200621182 /* attributeViewController.swift */,
				3FEFCF541F767C82001FA2A9 /* Edge */,
				3FEFCF531F766957001FA2A9 /* Group */,
				3FEFCF521F76694E001FA2A9 /* Node */,
			);
			name = Attribute;
			sourceTree = "<group>";
		};
		3F226A661F75C826004733A8 /* Graph */ = {
			isa = PBXGroup;
			children = (
				3F0928B61F519318000997B2 /* graphViewController.swift */,
				7BDB22571F581BF200D785DD /* newNode.swift */,
				3F921CE71F5A11C2004FD276 /* newGroup.swift */,
				7B671D0C1F5E96B300EED265 /* newConnectionManual.swift */,
			);
			name = Graph;
			sourceTree = "<group>";
		};
		3F2924751F45A11600F3130E = {
			isa = PBXGroup;
			children = (
				3F2924801F45A11600F3130E /* Pro Synth */,
				3F2924941F45A11600F3130E /* Pro SynthTests */,
				3F29249F1F45A11600F3130E /* Pro SynthUITests */,
				3F29247F1F45A11600F3130E /* Products */,
			);
			sourceTree = "<group>";
		};
		3F29247F1F45A11600F3130E /* Products */ = {
			isa = PBXGroup;
			children = (
				3F29247E1F45A11600F3130E /* Pro Synth.app */,
				3F2924911F45A11600F3130E /* Pro SynthTests.xctest */,
				3F29249C1F45A11600F3130E /* Pro SynthUITests.xctest */,
			);
			name = Products;
			sourceTree = "<group>";
		};
		3F2924801F45A11600F3130E /* Pro Synth */ = {
			isa = PBXGroup;
			children = (
				2BFE8A4C1FB2780B00EDA589 /* SpectralForceDirectedScheduler */,
				2BFE8A4B1FB277F600EDA589 /* RSCU_LoopUnroller */,
				2BFE8A481FB2766D00EDA589 /* WNCutDecomposer */,
				7B1B75571F8F88AB004973F2 /* SpectralMaker */,
				3F89FE101F74627300F7B623 /* GlobalVariables.swift */,
				3F8A64A21F5760F900BE2889 /* GraphSupport */,
				3F2924AE1F45A23300F3130E /* welcomeScreen */,
				3F2924811F45A11600F3130E /* AppDelegate.swift */,
				3F2924851F45A11600F3130E /* Document.swift */,
				3F2924871F45A11600F3130E /* Assets.xcassets */,
				3F2924891F45A11600F3130E /* Main.storyboard */,
				3F0928B51F5192C7000997B2 /* ViewControllers */,
				3F29248C1F45A11600F3130E /* Info.plist */,
				3F2924B51F45B21E00F3130E /* Kép1.png */,
				3FAFA6FC1F82D40E005F57FB /* WindowController.swift */,
			);
			path = "Pro Synth";
			sourceTree = "<group>";
		};
		3F2924941F45A11600F3130E /* Pro SynthTests */ = {
			isa = PBXGroup;
			children = (
				3F2924951F45A11600F3130E /* Pro_SynthTests.swift */,
				3F2924971F45A11600F3130E /* Info.plist */,
			);
			path = "Pro SynthTests";
			sourceTree = "<group>";
		};
		3F29249F1F45A11600F3130E /* Pro SynthUITests */ = {
			isa = PBXGroup;
			children = (
				3F2924A01F45A11600F3130E /* Pro_SynthUITests.swift */,
				3F2924A21F45A11600F3130E /* Info.plist */,
			);
			path = "Pro SynthUITests";
			sourceTree = "<group>";
		};
		3F2924AE1F45A23300F3130E /* welcomeScreen */ = {
			isa = PBXGroup;
			children = (
				3F2924AF1F45A24E00F3130E /* welcomeScreen.storyboard */,
				3F2924B31F45A47E00F3130E /* welcomeScreenViewController.swift */,
				3F2924B11F45A31500F3130E /* welcomeScreenWindowController.swift */,
				3F2924BB1F45B3E300F3130E /* welcomeCollectionViewItem.swift */,
				3F2924BC1F45B3E300F3130E /* welcomeCollectionViewItem.xib */,
			);
			name = welcomeScreen;
			sourceTree = "<group>";
		};
		3F8A64A21F5760F900BE2889 /* GraphSupport */ = {
			isa = PBXGroup;
			children = (
				3F890A801F51F79900BBDBFD /* Edge.swift */,
				3F0928B81F51A876000997B2 /* Node.swift */,
				3F890A821F51F80000BBDBFD /* Group.swift */,
				3F9CB19E1F549F8D00451649 /* GraphElement.swift */,
			);
			name = GraphSupport;
			sourceTree = "<group>";
		};
		3FEFCF521F76694E001FA2A9 /* Node */ = {
			isa = PBXGroup;
			children = (
				3F226A611F75C5C2004733A8 /* groupGlobalAttributeViewController.swift */,
				3F226A631F75C620004733A8 /* groupSinthesisAttributeViewController.swift */,
				3F226A671F75CA17004733A8 /* groupAttributeViewController.swift */,
			);
			name = Node;
			sourceTree = "<group>";
		};
		3FEFCF531F766957001FA2A9 /* Group */ = {
			isa = PBXGroup;
			children = (
				3F5FFF781F6DD0B000D5AF06 /* nodeAttributeViewController.swift */,
				3F5FFF7A1F6E8FDF00D5AF06 /* nodeGlobalAttributeViewController.swift */,
				3F226A5F1F75C3BE004733A8 /* nodeEdgesAttributeViewController.swift */,
				3FB5BC811F817959006A2A72 /* nodeSinthesisAttributeViewController.swift */,
			);
			name = Group;
			sourceTree = "<group>";
		};
		3FEFCF541F767C82001FA2A9 /* Edge */ = {
			isa = PBXGroup;
			children = (
				3FEFCF551F767CD1001FA2A9 /* edgeAttributeViewController.swift */,
				3FEFCF571F7686FE001FA2A9 /* edgeGlobalAttributeViewController.swift */,
				3FEFCF591F768730001FA2A9 /* edgeSinthesisViewController.swift */,
			);
			name = Edge;
			sourceTree = "<group>";
		};
		7B1B75571F8F88AB004973F2 /* SpectralMaker */ = {
			isa = PBXGroup;
			children = (
				7B1B75581F8F88E8004973F2 /* WNCut.swift */,
			);
			name = SpectralMaker;
			sourceTree = "<group>";
		};
/* End PBXGroup section */

/* Begin PBXNativeTarget section */
		3F29247D1F45A11600F3130E /* Pro Synth */ = {
			isa = PBXNativeTarget;
			buildConfigurationList = 3F2924A51F45A11600F3130E /* Build configuration list for PBXNativeTarget "Pro Synth" */;
			buildPhases = (
				3F29247A1F45A11600F3130E /* Sources */,
				3F29247B1F45A11600F3130E /* Frameworks */,
				3F29247C1F45A11600F3130E /* Resources */,
			);
			buildRules = (
			);
			dependencies = (
			);
			name = "Pro Synth";
			productName = "Pro Synth";
			productReference = 3F29247E1F45A11600F3130E /* Pro Synth.app */;
			productType = "com.apple.product-type.application";
		};
		3F2924901F45A11600F3130E /* Pro SynthTests */ = {
			isa = PBXNativeTarget;
			buildConfigurationList = 3F2924A81F45A11600F3130E /* Build configuration list for PBXNativeTarget "Pro SynthTests" */;
			buildPhases = (
				3F29248D1F45A11600F3130E /* Sources */,
				3F29248E1F45A11600F3130E /* Frameworks */,
				3F29248F1F45A11600F3130E /* Resources */,
			);
			buildRules = (
			);
			dependencies = (
				3F2924931F45A11600F3130E /* PBXTargetDependency */,
			);
			name = "Pro SynthTests";
			productName = "Pro SynthTests";
			productReference = 3F2924911F45A11600F3130E /* Pro SynthTests.xctest */;
			productType = "com.apple.product-type.bundle.unit-test";
		};
		3F29249B1F45A11600F3130E /* Pro SynthUITests */ = {
			isa = PBXNativeTarget;
			buildConfigurationList = 3F2924AB1F45A11600F3130E /* Build configuration list for PBXNativeTarget "Pro SynthUITests" */;
			buildPhases = (
				3F2924981F45A11600F3130E /* Sources */,
				3F2924991F45A11600F3130E /* Frameworks */,
				3F29249A1F45A11600F3130E /* Resources */,
			);
			buildRules = (
			);
			dependencies = (
				3F29249E1F45A11600F3130E /* PBXTargetDependency */,
			);
			name = "Pro SynthUITests";
			productName = "Pro SynthUITests";
			productReference = 3F29249C1F45A11600F3130E /* Pro SynthUITests.xctest */;
			productType = "com.apple.product-type.bundle.ui-testing";
		};
/* End PBXNativeTarget section */

/* Begin PBXProject section */
		3F2924761F45A11600F3130E /* Project object */ = {
			isa = PBXProject;
			attributes = {
				LastSwiftUpdateCheck = 0830;
				LastUpgradeCheck = 0830;
				ORGANIZATIONNAME = "Gergo Markovits";
				TargetAttributes = {
					3F29247D1F45A11600F3130E = {
						CreatedOnToolsVersion = 8.3.3;
						ProvisioningStyle = Automatic;
					};
					3F2924901F45A11600F3130E = {
						CreatedOnToolsVersion = 8.3.3;
						ProvisioningStyle = Automatic;
						TestTargetID = 3F29247D1F45A11600F3130E;
					};
					3F29249B1F45A11600F3130E = {
						CreatedOnToolsVersion = 8.3.3;
						ProvisioningStyle = Automatic;
						TestTargetID = 3F29247D1F45A11600F3130E;
					};
				};
			};
			buildConfigurationList = 3F2924791F45A11600F3130E /* Build configuration list for PBXProject "Pro Synth" */;
			compatibilityVersion = "Xcode 3.2";
			developmentRegion = English;
			hasScannedForEncodings = 0;
			knownRegions = (
				en,
				Base,
			);
			mainGroup = 3F2924751F45A11600F3130E;
			productRefGroup = 3F29247F1F45A11600F3130E /* Products */;
			projectDirPath = "";
			projectRoot = "";
			targets = (
				3F29247D1F45A11600F3130E /* Pro Synth */,
				3F2924901F45A11600F3130E /* Pro SynthTests */,
				3F29249B1F45A11600F3130E /* Pro SynthUITests */,
			);
		};
/* End PBXProject section */

/* Begin PBXResourcesBuildPhase section */
		3F29247C1F45A11600F3130E /* Resources */ = {
			isa = PBXResourcesBuildPhase;
			buildActionMask = 2147483647;
			files = (
				3F2924B01F45A24E00F3130E /* welcomeScreen.storyboard in Resources */,
				3F2924881F45A11600F3130E /* Assets.xcassets in Resources */,
				3F2924B61F45B21E00F3130E /* Kép1.png in Resources */,
				3F2924BE1F45B3E300F3130E /* welcomeCollectionViewItem.xib in Resources */,
				3F29248B1F45A11600F3130E /* Main.storyboard in Resources */,
			);
			runOnlyForDeploymentPostprocessing = 0;
		};
		3F29248F1F45A11600F3130E /* Resources */ = {
			isa = PBXResourcesBuildPhase;
			buildActionMask = 2147483647;
			files = (
			);
			runOnlyForDeploymentPostprocessing = 0;
		};
		3F29249A1F45A11600F3130E /* Resources */ = {
			isa = PBXResourcesBuildPhase;
			buildActionMask = 2147483647;
			files = (
			);
			runOnlyForDeploymentPostprocessing = 0;
		};
/* End PBXResourcesBuildPhase section */

/* Begin PBXSourcesBuildPhase section */
		3F29247A1F45A11600F3130E /* Sources */ = {
			isa = PBXSourcesBuildPhase;
			buildActionMask = 2147483647;
			files = (
				3F226A621F75C5C2004733A8 /* groupGlobalAttributeViewController.swift in Sources */,
				3F4D62DD1F6D2EF200621182 /* attributeViewController.swift in Sources */,
				3F890A831F51F80000BBDBFD /* Group.swift in Sources */,
				3F226A681F75CA17004733A8 /* groupAttributeViewController.swift in Sources */,
				3FEFCF561F767CD1001FA2A9 /* edgeAttributeViewController.swift in Sources */,
				3F2924BD1F45B3E300F3130E /* welcomeCollectionViewItem.swift in Sources */,
				3FAFA6FD1F82D40E005F57FB /* WindowController.swift in Sources */,
				2BFE8A501FB2786600EDA589 /* SpectralForceDirected.swift in Sources */,
				2BFE8A4A1FB277E600EDA589 /* WNCutDecomposer.swift in Sources */,
				3F226A641F75C620004733A8 /* groupSinthesisAttributeViewController.swift in Sources */,
				3F921CE81F5A11C2004FD276 /* newGroup.swift in Sources */,
				3F2924841F45A11600F3130E /* ViewController.swift in Sources */,
				7BDB22581F581BF200D785DD /* newNode.swift in Sources */,
				3FEFCF5A1F768730001FA2A9 /* edgeSinthesisViewController.swift in Sources */,
				3F0928B91F51A876000997B2 /* Node.swift in Sources */,
				3F2924821F45A11600F3130E /* AppDelegate.swift in Sources */,
				3F2924B21F45A31500F3130E /* welcomeScreenWindowController.swift in Sources */,
				3FB5BC7E1F817253006A2A72 /* SplitViewController.swift in Sources */,
				3F5FFF791F6DD0B000D5AF06 /* nodeAttributeViewController.swift in Sources */,
				3F89FE111F74627300F7B623 /* GlobalVariables.swift in Sources */,
				3F2924861F45A11600F3130E /* Document.swift in Sources */,
				3F2924B41F45A47E00F3130E /* welcomeScreenViewController.swift in Sources */,
				3F5FFF7B1F6E8FDF00D5AF06 /* nodeGlobalAttributeViewController.swift in Sources */,
				7B671D0D1F5E96B300EED265 /* newConnectionManual.swift in Sources */,
				3F5FFF771F6DCB2C00D5AF06 /* noSelectionViewController.swift in Sources */,
				7B1B75591F8F88E8004973F2 /* WNCut.swift in Sources */,
				3F226A601F75C3BE004733A8 /* nodeEdgesAttributeViewController.swift in Sources */,
				3F9CB19F1F549F8D00451649 /* GraphElement.swift in Sources */,
				2BFE8A4E1FB2785100EDA589 /* RSCU_LoopUnroller.swift in Sources */,
				3FB5BC821F817959006A2A72 /* nodeSinthesisAttributeViewController.swift in Sources */,
				3F890A811F51F79900BBDBFD /* Edge.swift in Sources */,
				3F0928B71F519318000997B2 /* graphViewController.swift in Sources */,
				3FEFCF581F7686FE001FA2A9 /* edgeGlobalAttributeViewController.swift in Sources */,
				7B47046D1FB605C600F40F9D /* CNode.swift in Sources */,
			);
			runOnlyForDeploymentPostprocessing = 0;
		};
		3F29248D1F45A11600F3130E /* Sources */ = {
			isa = PBXSourcesBuildPhase;
			buildActionMask = 2147483647;
			files = (
				3F2924961F45A11600F3130E /* Pro_SynthTests.swift in Sources */,
			);
			runOnlyForDeploymentPostprocessing = 0;
		};
		3F2924981F45A11600F3130E /* Sources */ = {
			isa = PBXSourcesBuildPhase;
			buildActionMask = 2147483647;
			files = (
				3F2924A11F45A11600F3130E /* Pro_SynthUITests.swift in Sources */,
			);
			runOnlyForDeploymentPostprocessing = 0;
		};
/* End PBXSourcesBuildPhase section */

/* Begin PBXTargetDependency section */
		3F2924931F45A11600F3130E /* PBXTargetDependency */ = {
			isa = PBXTargetDependency;
			target = 3F29247D1F45A11600F3130E /* Pro Synth */;
			targetProxy = 3F2924921F45A11600F3130E /* PBXContainerItemProxy */;
		};
		3F29249E1F45A11600F3130E /* PBXTargetDependency */ = {
			isa = PBXTargetDependency;
			target = 3F29247D1F45A11600F3130E /* Pro Synth */;
			targetProxy = 3F29249D1F45A11600F3130E /* PBXContainerItemProxy */;
		};
/* End PBXTargetDependency section */

/* Begin PBXVariantGroup section */
		3F2924891F45A11600F3130E /* Main.storyboard */ = {
			isa = PBXVariantGroup;
			children = (
				3F29248A1F45A11600F3130E /* Base */,
			);
			name = Main.storyboard;
			sourceTree = "<group>";
		};
/* End PBXVariantGroup section */

/* Begin XCBuildConfiguration section */
		3F2924A31F45A11600F3130E /* Debug */ = {
			isa = XCBuildConfiguration;
			buildSettings = {
				ALWAYS_SEARCH_USER_PATHS = NO;
				CLANG_ANALYZER_NONNULL = YES;
				CLANG_ANALYZER_NUMBER_OBJECT_CONVERSION = YES_AGGRESSIVE;
				CLANG_CXX_LANGUAGE_STANDARD = "gnu++0x";
				CLANG_CXX_LIBRARY = "libc++";
				CLANG_ENABLE_MODULES = YES;
				CLANG_ENABLE_OBJC_ARC = YES;
				CLANG_WARN_BOOL_CONVERSION = YES;
				CLANG_WARN_CONSTANT_CONVERSION = YES;
				CLANG_WARN_DIRECT_OBJC_ISA_USAGE = YES_ERROR;
				CLANG_WARN_DOCUMENTATION_COMMENTS = YES;
				CLANG_WARN_EMPTY_BODY = YES;
				CLANG_WARN_ENUM_CONVERSION = YES;
				CLANG_WARN_INFINITE_RECURSION = YES;
				CLANG_WARN_INT_CONVERSION = YES;
				CLANG_WARN_OBJC_ROOT_CLASS = YES_ERROR;
				CLANG_WARN_SUSPICIOUS_MOVE = YES;
				CLANG_WARN_UNREACHABLE_CODE = YES;
				CLANG_WARN__DUPLICATE_METHOD_MATCH = YES;
				CODE_SIGN_IDENTITY = "-";
				COPY_PHASE_STRIP = NO;
				DEBUG_INFORMATION_FORMAT = dwarf;
				ENABLE_STRICT_OBJC_MSGSEND = YES;
				ENABLE_TESTABILITY = YES;
				GCC_C_LANGUAGE_STANDARD = gnu99;
				GCC_DYNAMIC_NO_PIC = NO;
				GCC_NO_COMMON_BLOCKS = YES;
				GCC_OPTIMIZATION_LEVEL = 0;
				GCC_PREPROCESSOR_DEFINITIONS = (
					"DEBUG=1",
					"$(inherited)",
				);
				GCC_WARN_64_TO_32_BIT_CONVERSION = YES;
				GCC_WARN_ABOUT_RETURN_TYPE = YES_ERROR;
				GCC_WARN_UNDECLARED_SELECTOR = YES;
				GCC_WARN_UNINITIALIZED_AUTOS = YES_AGGRESSIVE;
				GCC_WARN_UNUSED_FUNCTION = YES;
				GCC_WARN_UNUSED_VARIABLE = YES;
				MACOSX_DEPLOYMENT_TARGET = 10.12;
				MTL_ENABLE_DEBUG_INFO = YES;
				ONLY_ACTIVE_ARCH = YES;
				SDKROOT = macosx;
				SWIFT_ACTIVE_COMPILATION_CONDITIONS = DEBUG;
				SWIFT_OPTIMIZATION_LEVEL = "-Onone";
			};
			name = Debug;
		};
		3F2924A41F45A11600F3130E /* Release */ = {
			isa = XCBuildConfiguration;
			buildSettings = {
				ALWAYS_SEARCH_USER_PATHS = NO;
				CLANG_ANALYZER_NONNULL = YES;
				CLANG_ANALYZER_NUMBER_OBJECT_CONVERSION = YES_AGGRESSIVE;
				CLANG_CXX_LANGUAGE_STANDARD = "gnu++0x";
				CLANG_CXX_LIBRARY = "libc++";
				CLANG_ENABLE_MODULES = YES;
				CLANG_ENABLE_OBJC_ARC = YES;
				CLANG_WARN_BOOL_CONVERSION = YES;
				CLANG_WARN_CONSTANT_CONVERSION = YES;
				CLANG_WARN_DIRECT_OBJC_ISA_USAGE = YES_ERROR;
				CLANG_WARN_DOCUMENTATION_COMMENTS = YES;
				CLANG_WARN_EMPTY_BODY = YES;
				CLANG_WARN_ENUM_CONVERSION = YES;
				CLANG_WARN_INFINITE_RECURSION = YES;
				CLANG_WARN_INT_CONVERSION = YES;
				CLANG_WARN_OBJC_ROOT_CLASS = YES_ERROR;
				CLANG_WARN_SUSPICIOUS_MOVE = YES;
				CLANG_WARN_UNREACHABLE_CODE = YES;
				CLANG_WARN__DUPLICATE_METHOD_MATCH = YES;
				CODE_SIGN_IDENTITY = "-";
				COPY_PHASE_STRIP = NO;
				DEBUG_INFORMATION_FORMAT = "dwarf-with-dsym";
				ENABLE_NS_ASSERTIONS = NO;
				ENABLE_STRICT_OBJC_MSGSEND = YES;
				GCC_C_LANGUAGE_STANDARD = gnu99;
				GCC_NO_COMMON_BLOCKS = YES;
				GCC_WARN_64_TO_32_BIT_CONVERSION = YES;
				GCC_WARN_ABOUT_RETURN_TYPE = YES_ERROR;
				GCC_WARN_UNDECLARED_SELECTOR = YES;
				GCC_WARN_UNINITIALIZED_AUTOS = YES_AGGRESSIVE;
				GCC_WARN_UNUSED_FUNCTION = YES;
				GCC_WARN_UNUSED_VARIABLE = YES;
				MACOSX_DEPLOYMENT_TARGET = 10.12;
				MTL_ENABLE_DEBUG_INFO = NO;
				SDKROOT = macosx;
				SWIFT_OPTIMIZATION_LEVEL = "-Owholemodule";
			};
			name = Release;
		};
		3F2924A61F45A11600F3130E /* Debug */ = {
			isa = XCBuildConfiguration;
			buildSettings = {
				ASSETCATALOG_COMPILER_APPICON_NAME = AppIcon;
				COMBINE_HIDPI_IMAGES = YES;
				INFOPLIST_FILE = "Pro Synth/Info.plist";
				LD_RUNPATH_SEARCH_PATHS = "$(inherited) @executable_path/../Frameworks";
				PRODUCT_BUNDLE_IDENTIFIER = "bme.Pro-Synth";
				PRODUCT_NAME = "$(TARGET_NAME)";
				SWIFT_VERSION = 3.0;
			};
			name = Debug;
		};
		3F2924A71F45A11600F3130E /* Release */ = {
			isa = XCBuildConfiguration;
			buildSettings = {
				ASSETCATALOG_COMPILER_APPICON_NAME = AppIcon;
				COMBINE_HIDPI_IMAGES = YES;
				INFOPLIST_FILE = "Pro Synth/Info.plist";
				LD_RUNPATH_SEARCH_PATHS = "$(inherited) @executable_path/../Frameworks";
				PRODUCT_BUNDLE_IDENTIFIER = "bme.Pro-Synth";
				PRODUCT_NAME = "$(TARGET_NAME)";
				SWIFT_VERSION = 3.0;
			};
			name = Release;
		};
		3F2924A91F45A11600F3130E /* Debug */ = {
			isa = XCBuildConfiguration;
			buildSettings = {
				ALWAYS_EMBED_SWIFT_STANDARD_LIBRARIES = YES;
				BUNDLE_LOADER = "$(TEST_HOST)";
				COMBINE_HIDPI_IMAGES = YES;
				INFOPLIST_FILE = "Pro SynthTests/Info.plist";
				LD_RUNPATH_SEARCH_PATHS = "$(inherited) @executable_path/../Frameworks @loader_path/../Frameworks";
				PRODUCT_BUNDLE_IDENTIFIER = "bme.Pro-SynthTests";
				PRODUCT_NAME = "$(TARGET_NAME)";
				SWIFT_VERSION = 3.0;
				TEST_HOST = "$(BUILT_PRODUCTS_DIR)/Pro Synth.app/Contents/MacOS/Pro Synth";
			};
			name = Debug;
		};
		3F2924AA1F45A11600F3130E /* Release */ = {
			isa = XCBuildConfiguration;
			buildSettings = {
				ALWAYS_EMBED_SWIFT_STANDARD_LIBRARIES = YES;
				BUNDLE_LOADER = "$(TEST_HOST)";
				COMBINE_HIDPI_IMAGES = YES;
				INFOPLIST_FILE = "Pro SynthTests/Info.plist";
				LD_RUNPATH_SEARCH_PATHS = "$(inherited) @executable_path/../Frameworks @loader_path/../Frameworks";
				PRODUCT_BUNDLE_IDENTIFIER = "bme.Pro-SynthTests";
				PRODUCT_NAME = "$(TARGET_NAME)";
				SWIFT_VERSION = 3.0;
				TEST_HOST = "$(BUILT_PRODUCTS_DIR)/Pro Synth.app/Contents/MacOS/Pro Synth";
			};
			name = Release;
		};
		3F2924AC1F45A11600F3130E /* Debug */ = {
			isa = XCBuildConfiguration;
			buildSettings = {
				ALWAYS_EMBED_SWIFT_STANDARD_LIBRARIES = YES;
				COMBINE_HIDPI_IMAGES = YES;
				INFOPLIST_FILE = "Pro SynthUITests/Info.plist";
				LD_RUNPATH_SEARCH_PATHS = "$(inherited) @executable_path/../Frameworks @loader_path/../Frameworks";
				PRODUCT_BUNDLE_IDENTIFIER = "bme.Pro-SynthUITests";
				PRODUCT_NAME = "$(TARGET_NAME)";
				SWIFT_VERSION = 3.0;
				TEST_TARGET_NAME = "Pro Synth";
			};
			name = Debug;
		};
		3F2924AD1F45A11600F3130E /* Release */ = {
			isa = XCBuildConfiguration;
			buildSettings = {
				ALWAYS_EMBED_SWIFT_STANDARD_LIBRARIES = YES;
				COMBINE_HIDPI_IMAGES = YES;
				INFOPLIST_FILE = "Pro SynthUITests/Info.plist";
				LD_RUNPATH_SEARCH_PATHS = "$(inherited) @executable_path/../Frameworks @loader_path/../Frameworks";
				PRODUCT_BUNDLE_IDENTIFIER = "bme.Pro-SynthUITests";
				PRODUCT_NAME = "$(TARGET_NAME)";
				SWIFT_VERSION = 3.0;
				TEST_TARGET_NAME = "Pro Synth";
			};
			name = Release;
		};
/* End XCBuildConfiguration section */

/* Begin XCConfigurationList section */
		3F2924791F45A11600F3130E /* Build configuration list for PBXProject "Pro Synth" */ = {
			isa = XCConfigurationList;
			buildConfigurations = (
				3F2924A31F45A11600F3130E /* Debug */,
				3F2924A41F45A11600F3130E /* Release */,
			);
			defaultConfigurationIsVisible = 0;
			defaultConfigurationName = Release;
		};
		3F2924A51F45A11600F3130E /* Build configuration list for PBXNativeTarget "Pro Synth" */ = {
			isa = XCConfigurationList;
			buildConfigurations = (
				3F2924A61F45A11600F3130E /* Debug */,
				3F2924A71F45A11600F3130E /* Release */,
			);
			defaultConfigurationIsVisible = 0;
			defaultConfigurationName = Release;
		};
		3F2924A81F45A11600F3130E /* Build configuration list for PBXNativeTarget "Pro SynthTests" */ = {
			isa = XCConfigurationList;
			buildConfigurations = (
				3F2924A91F45A11600F3130E /* Debug */,
				3F2924AA1F45A11600F3130E /* Release */,
			);
			defaultConfigurationIsVisible = 0;
			defaultConfigurationName = Release;
		};
		3F2924AB1F45A11600F3130E /* Build configuration list for PBXNativeTarget "Pro SynthUITests" */ = {
			isa = XCConfigurationList;
			buildConfigurations = (
				3F2924AC1F45A11600F3130E /* Debug */,
				3F2924AD1F45A11600F3130E /* Release */,
			);
			defaultConfigurationIsVisible = 0;
			defaultConfigurationName = Release;
		};
/* End XCConfigurationList section */
	};
	rootObject = 3F2924761F45A11600F3130E /* Project object */;
}
